
Microsoft Visual Studio Solution File, Format Version 12.00
# Visual Studio Version 17
VisualStudioVersion = 17.2.32516.85
MinimumVisualStudioVersion = 10.0.40219.1
Project("{FAE04EC0-301F-11D3-BF4B-00C04F79EFBC}") = "WebApp_MVC_L61_LoginHomepage_60123", "WebApp_MVC_L61_LoginHomepage_60123\WebApp_MVC_L61_LoginHomepage_60123.csproj", "{20A6C0AB-35C5-49D1-A66E-94086AFBC0EF}"
EndProject
Global
	GlobalSection(SolutionConfigurationPlatforms) = preSolution
		Debug|Any CPU = Debug|Any CPU
		Release|Any CPU = Release|Any CPU
	EndGlobalSection
	GlobalSection(ProjectConfigurationPlatforms) = postSolution
		{20A6C0AB-35C5-49D1-A66E-94086AFBC0EF}.Debug|Any CPU.ActiveCfg = Debug|Any CPU
		{20A6C0AB-35C5-49D1-A66E-94086AFBC0EF}.Debug|Any CPU.Build.0 = Debug|Any CPU
		{20A6C0AB-35C5-49D1-A66E-94086AFBC0EF}.Release|Any CPU.ActiveCfg = Release|Any CPU
		{20A6C0AB-35C5-49D1-A66E-94086AFBC0EF}.Release|Any CPU.Build.0 = Release|Any CPU
	EndGlobalSection
	GlobalSection(SolutionProperties) = preSolution
		HideSolutionNode = FALSE
	EndGlobalSection
	GlobalSection(ExtensibilityGlobals) = postSolution
		SolutionGuid = {C2CF4994-0EBC-486A-B13A-53431EA4A966}
	EndGlobalSection
EndGlobal
